
Microsoft Visual Studio Solution File, Format Version 12.00
# Visual Studio Version 17
VisualStudioVersion = 17.4.33110.190
MinimumVisualStudioVersion = 10.0.40219.1
Project("{FAE04EC0-301F-11D3-BF4B-00C04F79EFBC}") = "ASP.Net-intro", "ASP.Net-intro\ASP.Net-intro.csproj", "{BD3C2156-D349-42A6-AF06-B9C8D8386889}"
EndProject
Global
	GlobalSection(SolutionConfigurationPlatforms) = preSolution
		Debug|Any CPU = Debug|Any CPU
		Release|Any CPU = Release|Any CPU
	EndGlobalSection
	GlobalSection(ProjectConfigurationPlatforms) = postSolution
		{BD3C2156-D349-42A6-AF06-B9C8D8386889}.Debug|Any CPU.ActiveCfg = Debug|Any CPU
		{BD3C2156-D349-42A6-AF06-B9C8D8386889}.Debug|Any CPU.Build.0 = Debug|Any CPU
		{BD3C2156-D349-42A6-AF06-B9C8D8386889}.Release|Any CPU.ActiveCfg = Release|Any CPU
		{BD3C2156-D349-42A6-AF06-B9C8D8386889}.Release|Any CPU.Build.0 = Release|Any CPU
	EndGlobalSection
	GlobalSection(SolutionProperties) = preSolution
		HideSolutionNode = FALSE
	EndGlobalSection
	GlobalSection(ExtensibilityGlobals) = postSolution
		SolutionGuid = {0759DBAE-8965-491D-8C5B-66E8806AF36E}
	EndGlobalSection
EndGlobal
